Microsoft Visual Studio Solution File, Format Version 12.00
# Visual Studio Version 17
VisualStudioVersion = 17.5.2.0
MinimumVisualStudioVersion = 10.0.40219.1
Project("{2150E333-8FDC-42A3-9474-1A3956D46DE8}") = "dotnet_backend", "dotnet_backend", "{56F8A1BB-FDBA-D38D-5F1F-BC84F259FC26}"
EndProject
Project("{FAE04EC0-301F-11D3-BF4B-00C04F79EFBC}") = "BepTroLy.API", "dotnet_backend\BepTroLy.API\BepTroLy.API.csproj", "{E3DB6D8A-9024-FEEB-18D1-32236640F15D}"
EndProject
Global
	GlobalSection(SolutionConfigurationPlatforms) = preSolution
		Debug|Any CPU = Debug|Any CPU
		Release|Any CPU = Release|Any CPU
	EndGlobalSection
	GlobalSection(ProjectConfigurationPlatforms) = postSolution
		{E3DB6D8A-9024-FEEB-18D1-32236640F15D}.Debug|Any CPU.ActiveCfg = Debug|Any CPU
		{E3DB6D8A-9024-FEEB-18D1-32236640F15D}.Debug|Any CPU.Build.0 = Debug|Any CPU
		{E3DB6D8A-9024-FEEB-18D1-32236640F15D}.Release|Any CPU.ActiveCfg = Release|Any CPU
		{E3DB6D8A-9024-FEEB-18D1-32236640F15D}.Release|Any CPU.Build.0 = Release|Any CPU
	EndGlobalSection
	GlobalSection(SolutionProperties) = preSolution
		HideSolutionNode = FALSE
	EndGlobalSection
	GlobalSection(NestedProjects) = preSolution
		{E3DB6D8A-9024-FEEB-18D1-32236640F15D} = {56F8A1BB-FDBA-D38D-5F1F-BC84F259FC26}
	EndGlobalSection
	GlobalSection(ExtensibilityGlobals) = postSolution
		SolutionGuid = {DC3CD592-7CC8-485F-BD56-806616EDBDF8}
	EndGlobalSection
EndGlobal
